
Microsoft Visual Studio Solution File, Format Version 12.00
# Visual Studio Version 17
VisualStudioVersion = 17.3.32825.248
MinimumVisualStudioVersion = 10.0.40219.1
Project("{2150E333-8FDC-42A3-9474-1A3956D46DE8}") = "src", "src", "{1636E03C-3F5C-4267-8E68-0A952291DA0C}"
EndProject
Project("{FAE04EC0-301F-11D3-BF4B-00C04F79EFBC}") = "Circles.Api", "src\Circles.Api\Circles.Api.csproj", "{B057ED29-5D86-431C-8363-634A74CD0CB3}"
EndProject
Project("{2150E333-8FDC-42A3-9474-1A3956D46DE8}") = "common", "common", "{75247B94-8017-45F9-8DDE-824612A4A472}"
	ProjectSection(SolutionItems) = preProject
		docker-compose.yml = docker-compose.yml
	EndProjectSection
EndProject
Project("{FAE04EC0-301F-11D3-BF4B-00C04F79EFBC}") = "Circles.Persistence", "src\Circles.Persistence\Circles.Persistence.csproj", "{E0221CCA-47AE-4BB5-B2B0-68A97DF3147C}"
EndProject
Global
	GlobalSection(SolutionConfigurationPlatforms) = preSolution
		Debug|Any CPU = Debug|Any CPU
		Release|Any CPU = Release|Any CPU
	EndGlobalSection
	GlobalSection(ProjectConfigurationPlatforms) = postSolution
		{B057ED29-5D86-431C-8363-634A74CD0CB3}.Debug|Any CPU.ActiveCfg = Debug|Any CPU
		{B057ED29-5D86-431C-8363-634A74CD0CB3}.Debug|Any CPU.Build.0 = Debug|Any CPU
		{B057ED29-5D86-431C-8363-634A74CD0CB3}.Release|Any CPU.ActiveCfg = Release|Any CPU
		{B057ED29-5D86-431C-8363-634A74CD0CB3}.Release|Any CPU.Build.0 = Release|Any CPU
		{E0221CCA-47AE-4BB5-B2B0-68A97DF3147C}.Debug|Any CPU.ActiveCfg = Debug|Any CPU
		{E0221CCA-47AE-4BB5-B2B0-68A97DF3147C}.Debug|Any CPU.Build.0 = Debug|Any CPU
		{E0221CCA-47AE-4BB5-B2B0-68A97DF3147C}.Release|Any CPU.ActiveCfg = Release|Any CPU
		{E0221CCA-47AE-4BB5-B2B0-68A97DF3147C}.Release|Any CPU.Build.0 = Release|Any CPU
	EndGlobalSection
	GlobalSection(SolutionProperties) = preSolution
		HideSolutionNode = FALSE
	EndGlobalSection
	GlobalSection(NestedProjects) = preSolution
		{B057ED29-5D86-431C-8363-634A74CD0CB3} = {1636E03C-3F5C-4267-8E68-0A952291DA0C}
		{E0221CCA-47AE-4BB5-B2B0-68A97DF3147C} = {1636E03C-3F5C-4267-8E68-0A952291DA0C}
	EndGlobalSection
	GlobalSection(ExtensibilityGlobals) = postSolution
		SolutionGuid = {F30D85AB-9B56-4007-B4A5-34455E3B32B7}
	EndGlobalSection
EndGlobal
